{
    "version": 3,
    "terraform_version": "0.11.7",
    "serial": 11,
    "lineage": "fdf4af57-7054-ea50-7006-50d0fa3e0793",
    "modules": [
        {
            "path": [
                "root"
            ],
            "outputs": {},
            "resources": {
                "libvirt_cloudinit.commoninit": {
                    "type": "libvirt_cloudinit",
                    "depends_on": [],
                    "primary": {
                        "id": "/home/media/Downloads/commoninit.iso;5b25a395-03ad-77f9-c4d7-2c7b2e1b3ace",
                        "attributes": {
                            "id": "/home/media/Downloads/commoninit.iso;5b25a395-03ad-77f9-c4d7-2c7b2e1b3ace",
                            "local_hostname": "",
                            "name": "commoninit.iso",
                            "pool": "downloads",
                            "ssh_authorized_key": "ssh-rsa AAAAB3NzaC1yc2EAAAADAQABAAACAQDTnkLPT42ODjwkE+VQO8kyPstXjpo8anJYktuV03CQBlBJah34NaM5XMcGLhE3FDHr2eNJOHUNQTg4T2NTtMtiqSlCDr72ntnN3wF5uK37WO87YnHVlYd2/z+IePZJo9Ttf8tBSneXqpjyJ/WqfIqHYK8WT0rQ43SgwTIl/r4isPgReHfzHAB0A2s2AYj72OVNu8vmh0Wwbe8vvtAWUUQI+NCQiwfhHUlHqQ8rahvwJhVBa4zv9alCh9zQiXvM0l82DlMVCT9UkhhJwvSKMMvmTl6Lfzy0yUp5YWZcAVI4x+wXfChy5CGBcYOnxLqVnj5e5qES6dI/4gq2J6ZJjCFP6m0bc9x1r0TRxeAuJWSBE77/cvT/cfTTb+LKi2VynqvWpuZIN8xLshyDDcVbnruSbSwQThofOoT+MDqDk6RV9utIedeOBBxb4ZD4HGhaJow02ZyHOIuUs3qtBHf3nUq7a2tvEy9OcIyZtsGbvk0l6pvHVDW60/XhTlBVfWLkMBwGmy3vA3GUV31DQcRikMCJ9QsgxyzHZJpMy+Ru6wRmJ/lb5xei8ZJKLLVj5NwiZqDlAJ0OunhzzjyYNXSkiz33iGEyY8hFfn2udUW1HIBJ4ULe2WyLh99IPX+1AfB6j5T0vzf20Dm4MzsTDInfsAQh2YdU15E4vujjzKuLIn0vxQ== ttow@ttowlt",
                            "user_data": "#cloud-config\nssh_authorized_keys:\n- ssh-rsa AAAAB3NzaC1yc2EAAAADAQABAAACAQDTnkLPT42ODjwkE+VQO8kyPstXjpo8anJYktuV03CQBlBJah34NaM5XMcGLhE3FDHr2eNJOHUNQTg4T2NTtMtiqSlCDr72ntnN3wF5uK37WO87YnHVlYd2/z+IePZJo9Ttf8tBSneXqpjyJ/WqfIqHYK8WT0rQ43SgwTIl/r4isPgReHfzHAB0A2s2AYj72OVNu8vmh0Wwbe8vvtAWUUQI+NCQiwfhHUlHqQ8rahvwJhVBa4zv9alCh9zQiXvM0l82DlMVCT9UkhhJwvSKMMvmTl6Lfzy0yUp5YWZcAVI4x+wXfChy5CGBcYOnxLqVnj5e5qES6dI/4gq2J6ZJjCFP6m0bc9x1r0TRxeAuJWSBE77/cvT/cfTTb+LKi2VynqvWpuZIN8xLshyDDcVbnruSbSwQThofOoT+MDqDk6RV9utIedeOBBxb4ZD4HGhaJow02ZyHOIuUs3qtBHf3nUq7a2tvEy9OcIyZtsGbvk0l6pvHVDW60/XhTlBVfWLkMBwGmy3vA3GUV31DQcRikMCJ9QsgxyzHZJpMy+Ru6wRmJ/lb5xei8ZJKLLVj5NwiZqDlAJ0OunhzzjyYNXSkiz33iGEyY8hFfn2udUW1HIBJ4ULe2WyLh99IPX+1AfB6j5T0vzf20Dm4MzsTDInfsAQh2YdU15E4vujjzKuLIn0vxQ==\n  ttow@ttowlt\n"
                        },
                        "meta": {},
                        "tainted": false
                    },
                    "deposed": [],
                    "provider": "provider.libvirt"
                },
                "libvirt_domain.domain-ubuntu": {
                    "type": "libvirt_domain",
                    "depends_on": [
                        "libvirt_cloudinit.commoninit",
                        "libvirt_volume.ubuntu-qcow2"
                    ],
                    "primary": {
                        "id": "033c99b3-1c63-4805-8ad2-968a32e18787",
                        "attributes": {
                            "arch": "x86_64",
                            "autostart": "false",
                            "cloudinit": "/home/media/Downloads/commoninit.iso;5b25a395-03ad-77f9-c4d7-2c7b2e1b3ace",
                            "cmdline.#": "0",
                            "console.#": "2",
                            "console.0.source_path": "",
                            "console.0.target_port": "0",
                            "console.0.target_type": "serial",
                            "console.0.type": "pty",
                            "console.1.source_path": "",
                            "console.1.target_port": "1",
                            "console.1.target_type": "virtio",
                            "console.1.type": "pty",
                            "disk.#": "1",
                            "disk.0.file": "",
                            "disk.0.scsi": "false",
                            "disk.0.url": "",
                            "disk.0.volume_id": "/hm2/VMstorage/ubuntu-qcow2",
                            "disk.0.wwn": "",
                            "emulator": "/usr/bin/qemu-system-x86_64",
                            "firmware": "",
                            "graphics.#": "1",
                            "graphics.0.autoport": "true",
                            "graphics.0.listen_type": "address",
                            "graphics.0.type": "spice",
                            "id": "033c99b3-1c63-4805-8ad2-968a32e18787",
                            "initrd": "",
                            "kernel": "",
                            "machine": "ubuntu",
                            "memory": "512",
                            "name": "ubuntu-terraform",
                            "network_interface.#": "1",
                            "network_interface.0.addresses.#": "0",
                            "network_interface.0.bridge": "br0",
                            "network_interface.0.hostname": "",
                            "network_interface.0.mac": "1E:58:AE:47:7C:29",
                            "network_interface.0.macvtap": "",
                            "network_interface.0.network_id": "",
                            "network_interface.0.network_name": "",
                            "network_interface.0.passthrough": "",
                            "network_interface.0.vepa": "",
                            "network_interface.0.wait_for_lease": "false",
                            "nvram.#": "0",
                            "running": "true",
                            "vcpu": "1"
                        },
                        "meta": {
                            "e2bfb730-ecaa-11e6-8f88-34363bc7c4c0": {
                                "create": 300000000000
                            }
                        },
                        "tainted": false
                    },
                    "deposed": [],
                    "provider": "provider.libvirt"
                },
                "libvirt_volume.ubuntu-qcow2": {
                    "type": "libvirt_volume",
                    "depends_on": [],
                    "primary": {
                        "id": "/hm2/VMstorage/ubuntu-qcow2",
                        "attributes": {
                            "format": "qcow2",
                            "id": "/hm2/VMstorage/ubuntu-qcow2",
                            "name": "ubuntu-qcow2",
                            "pool": "raid5",
                            "size": "2361393152",
                            "source": "http://192.168.0.201/install/cloud-images/ubuntu-16.04-server-cloudimg-amd64-disk1.img"
                        },
                        "meta": {},
                        "tainted": false
                    },
                    "deposed": [],
                    "provider": "provider.libvirt"
                }
            },
            "depends_on": []
        }
    ]
}
